using System;
using System.Linq;

class Program {
    static void Main () {

        string[] num = Console.ReadLine().Split (' ');
        int[] IntNum = new int [num.Length];

        for (int i = 0; i < num.Length; i++ ) {
            IntNum[i] = int.Parse (num[i]);
        }

        var x = from i in IntNum select i;
        Console.WriteLine(x.Max ());
        Console.ReadKey();
    }
}
